
Microsoft Visual Studio Solution File, Format Version 12.00
# Visual Studio 15
Project("{FAE04EC0-301F-11D3-BF4B-00C04F79EFBC}") = "Assembly-CSharp-Editor", "Assembly-CSharp-Editor.csproj", "{191A6FF8-CF3E-772F-F333-327CF8D656EE}"
EndProject
Project("{FAE04EC0-301F-11D3-BF4B-00C04F79EFBC}") = "Assembly-CSharp", "Assembly-CSharp.csproj", "{02CD4BA2-E654-52CB-C6B9-B6BBD775FF39}"
EndProject
Project("{FAE04EC0-301F-11D3-BF4B-00C04F79EFBC}") = "Assembly-CSharp", "Assembly-CSharp.Player.csproj", "{D61E59F7-B51A-47AA-6216-8650E3548B4F}"
EndProject
Global
	GlobalSection(SolutionConfigurationPlatforms) = preSolution
		Debug|Any CPU = Debug|Any CPU
		Release|Any CPU = Release|Any CPU
	EndGlobalSection
	GlobalSection(ProjectConfigurationPlatforms) = postSolution
		{191A6FF8-CF3E-772F-F333-327CF8D656EE}.Debug|Any CPU.ActiveCfg = Debug|Any CPU
		{191A6FF8-CF3E-772F-F333-327CF8D656EE}.Debug|Any CPU.Build.0 = Debug|Any CPU
		{191A6FF8-CF3E-772F-F333-327CF8D656EE}.Release|Any CPU.ActiveCfg = Release|Any CPU
		{191A6FF8-CF3E-772F-F333-327CF8D656EE}.Release|Any CPU.Build.0 = Release|Any CPU
		{02CD4BA2-E654-52CB-C6B9-B6BBD775FF39}.Debug|Any CPU.ActiveCfg = Debug|Any CPU
		{02CD4BA2-E654-52CB-C6B9-B6BBD775FF39}.Debug|Any CPU.Build.0 = Debug|Any CPU
		{02CD4BA2-E654-52CB-C6B9-B6BBD775FF39}.Release|Any CPU.ActiveCfg = Release|Any CPU
		{02CD4BA2-E654-52CB-C6B9-B6BBD775FF39}.Release|Any CPU.Build.0 = Release|Any CPU
		{D61E59F7-B51A-47AA-6216-8650E3548B4F}.Debug|Any CPU.ActiveCfg = Debug|Any CPU
		{D61E59F7-B51A-47AA-6216-8650E3548B4F}.Debug|Any CPU.Build.0 = Debug|Any CPU
		{D61E59F7-B51A-47AA-6216-8650E3548B4F}.Release|Any CPU.ActiveCfg = Release|Any CPU
		{D61E59F7-B51A-47AA-6216-8650E3548B4F}.Release|Any CPU.Build.0 = Release|Any CPU
	EndGlobalSection
	GlobalSection(SolutionProperties) = preSolution
		HideSolutionNode = FALSE
	EndGlobalSection
EndGlobal
